
Microsoft Visual Studio Solution File, Format Version 12.00
# Visual Studio Version 16
VisualStudioVersion = 16.0.29709.97
MinimumVisualStudioVersion = 10.0.40219.1
Project("{FAE04EC0-301F-11D3-BF4B-00C04F79EFBC}") = "BertoniTest", "BertoniTest\BertoniTest.csproj", "{365C611F-D05E-4BEA-8D17-E66AF75994CB}"
EndProject
Project("{FAE04EC0-301F-11D3-BF4B-00C04F79EFBC}") = "BertoniServices", "BertoniServices\BertoniServices.csproj", "{EE882933-5E5E-4ABF-B119-030AF4685231}"
EndProject
Global
	GlobalSection(SolutionConfigurationPlatforms) = preSolution
		Debug|Any CPU = Debug|Any CPU
		Release|Any CPU = Release|Any CPU
	EndGlobalSection
	GlobalSection(ProjectConfigurationPlatforms) = postSolution
		{365C611F-D05E-4BEA-8D17-E66AF75994CB}.Debug|Any CPU.ActiveCfg = Debug|Any CPU
		{365C611F-D05E-4BEA-8D17-E66AF75994CB}.Debug|Any CPU.Build.0 = Debug|Any CPU
		{365C611F-D05E-4BEA-8D17-E66AF75994CB}.Release|Any CPU.ActiveCfg = Release|Any CPU
		{365C611F-D05E-4BEA-8D17-E66AF75994CB}.Release|Any CPU.Build.0 = Release|Any CPU
		{EE882933-5E5E-4ABF-B119-030AF4685231}.Debug|Any CPU.ActiveCfg = Debug|Any CPU
		{EE882933-5E5E-4ABF-B119-030AF4685231}.Debug|Any CPU.Build.0 = Debug|Any CPU
		{EE882933-5E5E-4ABF-B119-030AF4685231}.Release|Any CPU.ActiveCfg = Release|Any CPU
		{EE882933-5E5E-4ABF-B119-030AF4685231}.Release|Any CPU.Build.0 = Release|Any CPU
	EndGlobalSection
	GlobalSection(SolutionProperties) = preSolution
		HideSolutionNode = FALSE
	EndGlobalSection
	GlobalSection(ExtensibilityGlobals) = postSolution
		SolutionGuid = {132BA870-4CE4-4636-8A46-0998D4173C3C}
	EndGlobalSection
EndGlobal
